// !$*UTF8*$!
{
	archiveVersion = 1;
	classes = {
	};
	objectVersion = 46;
	objects = {

/* Begin PBXBuildFile section */
		0A395EBB1D1274F900F0A18A /* main.m in Sources */ = {isa = PBXBuildFile; fileRef = 0A395EBA1D1274F900F0A18A /* main.m */; };
		0A395EBE1D1274F900F0A18A /* AppDelegate.m in Sources */ = {isa = PBXBuildFile; fileRef = 0A395EBD1D1274F900F0A18A /* AppDelegate.m */; };
		0A395EC11D1274F900F0A18A /* ViewController.m in Sources */ = {isa = PBXBuildFile; fileRef = 0A395EC01D1274F900F0A18A /* ViewController.m */; };
		0A395EC41D1274F900F0A18A /* Main.storyboard in Resources */ = {isa = PBXBuildFile; fileRef = 0A395EC21D1274F900F0A18A /* Main.storyboard */; };
		0A395EC61D1274F900F0A18A /* Assets.xcassets in Resources */ = {isa = PBXBuildFile; fileRef = 0A395EC51D1274F900F0A18A /* Assets.xcassets */; };
		0A395EC91D1274F900F0A18A /* LaunchScreen.storyboard in Resources */ = {isa = PBXBuildFile; fileRef = 0A395EC71D1274F900F0A18A /* LaunchScreen.storyboard */; };
		0A395F061D12762200F0A18A /* Security.framework in Frameworks */ = {isa = PBXBuildFile; fileRef = 0A395F051D12762200F0A18A /* Security.framework */; };
		0A395F081D12762F00F0A18A /* libiconv.tbd in Frameworks */ = {isa = PBXBuildFile; fileRef = 0A395F071D12762F00F0A18A /* libiconv.tbd */; };
		0A395F0A1D12763900F0A18A /* SystemConfiguration.framework in Frameworks */ = {isa = PBXBuildFile; fileRef = 0A395F091D12763900F0A18A /* SystemConfiguration.framework */; };
		0A395F0C1D12764100F0A18A /* CoreGraphics.framework in Frameworks */ = {isa = PBXBuildFile; fileRef = 0A395F0B1D12764100F0A18A /* CoreGraphics.framework */; };
		0A395F0E1D12764B00F0A18A /* libsqlite3.tbd in Frameworks */ = {isa = PBXBuildFile; fileRef = 0A395F0D1D12764A00F0A18A /* libsqlite3.tbd */; };
		0A395F101D12765200F0A18A /* CoreTelephony.framework in Frameworks */ = {isa = PBXBuildFile; fileRef = 0A395F0F1D12765200F0A18A /* CoreTelephony.framework */; };
		0A395F121D12766000F0A18A /* libstdc++.tbd in Frameworks */ = {isa = PBXBuildFile; fileRef = 0A395F111D12766000F0A18A /* libstdc++.tbd */; };
		0A395F141D12766900F0A18A /* libz.tbd in Frameworks */ = {isa = PBXBuildFile; fileRef = 0A395F131D12766900F0A18A /* libz.tbd */; };
		0A395F161D12796100F0A18A /* test.jpg in Resources */ = {isa = PBXBuildFile; fileRef = 0A395F151D12796100F0A18A /* test.jpg */; };
		0A395F4F1D127B5400F0A18A /* UMSocialLocalizable.strings in Resources */ = {isa = PBXBuildFile; fileRef = 0A395F191D127B5400F0A18A /* UMSocialLocalizable.strings */; };
		0A395F501D127B5400F0A18A /* libUMSocial_Sdk_5.1.a in Frameworks */ = {isa = PBXBuildFile; fileRef = 0A395F271D127B5400F0A18A /* libUMSocial_Sdk_5.1.a */; };
		0A395F511D127B5400F0A18A /* UMSCommentDetailController.xib in Resources */ = {isa = PBXBuildFile; fileRef = 0A395F291D127B5400F0A18A /* UMSCommentDetailController.xib */; };
		0A395F521D127B5400F0A18A /* UMSCommentInputController.xib in Resources */ = {isa = PBXBuildFile; fileRef = 0A395F2A1D127B5400F0A18A /* UMSCommentInputController.xib */; };
		0A395F531D127B5400F0A18A /* UMSCommentInputControlleriPad.xib in Resources */ = {isa = PBXBuildFile; fileRef = 0A395F2B1D127B5400F0A18A /* UMSCommentInputControlleriPad.xib */; };
		0A395F541D127B5400F0A18A /* UMShareEditViewController.xib in Resources */ = {isa = PBXBuildFile; fileRef = 0A395F2C1D127B5400F0A18A /* UMShareEditViewController.xib */; };
		0A395F551D127B5400F0A18A /* UMShareEditViewControlleriPad.xib in Resources */ = {isa = PBXBuildFile; fileRef = 0A395F2D1D127B5400F0A18A /* UMShareEditViewControlleriPad.xib */; };
		0A395F561D127B5400F0A18A /* UMSLoginViewController.xib in Resources */ = {isa = PBXBuildFile; fileRef = 0A395F2E1D127B5400F0A18A /* UMSLoginViewController.xib */; };
		0A395F571D127B5400F0A18A /* UMSnsAccountViewController.xib in Resources */ = {isa = PBXBuildFile; fileRef = 0A395F2F1D127B5400F0A18A /* UMSnsAccountViewController.xib */; };
		0A395F581D127B5400F0A18A /* UMSShareListController.xib in Resources */ = {isa = PBXBuildFile; fileRef = 0A395F301D127B5400F0A18A /* UMSShareListController.xib */; };
		0A395F591D127B5400F0A18A /* UMSocialSDKResourcesNew.bundle in Resources */ = {isa = PBXBuildFile; fileRef = 0A395F311D127B5400F0A18A /* UMSocialSDKResourcesNew.bundle */; };
		0A395F5A1D127B5400F0A18A /* libSocialSinaSSO.a in Frameworks */ = {isa = PBXBuildFile; fileRef = 0A395F351D127B5400F0A18A /* libSocialSinaSSO.a */; };
		0A395F5B1D127B5400F0A18A /* libWeiboSDK.a in Frameworks */ = {isa = PBXBuildFile; fileRef = 0A395F361D127B5400F0A18A /* libWeiboSDK.a */; };
		0A395F5C1D127B5400F0A18A /* WeiboSDK.bundle in Resources */ = {isa = PBXBuildFile; fileRef = 0A395F401D127B5400F0A18A /* WeiboSDK.bundle */; };
		0A395F5D1D127B5400F0A18A /* libSocialQQ.a in Frameworks */ = {isa = PBXBuildFile; fileRef = 0A395F441D127B5400F0A18A /* libSocialQQ.a */; };
		0A395F5E1D127B5400F0A18A /* TencentOpenAPI.framework in Frameworks */ = {isa = PBXBuildFile; fileRef = 0A395F451D127B5400F0A18A /* TencentOpenAPI.framework */; };
		0A395F5F1D127B5400F0A18A /* TencentOpenApi_IOS_Bundle.bundle in Resources */ = {isa = PBXBuildFile; fileRef = 0A395F461D127B5400F0A18A /* TencentOpenApi_IOS_Bundle.bundle */; };
		0A395F601D127B5400F0A18A /* libSocialWechat.a in Frameworks */ = {isa = PBXBuildFile; fileRef = 0A395F491D127B5400F0A18A /* libSocialWechat.a */; };
		0A395F611D127B5400F0A18A /* libWeChatSDK.a in Frameworks */ = {isa = PBXBuildFile; fileRef = 0A395F4A1D127B5400F0A18A /* libWeChatSDK.a */; };
		0A395F631D12802400F0A18A /* Snip20160616_1.png in Resources */ = {isa = PBXBuildFile; fileRef = 0A395F621D12802400F0A18A /* Snip20160616_1.png */; };
/* End PBXBuildFile section */

/* Begin PBXFileReference section */
		0A395EB61D1274F900F0A18A /* UMDemo.app */ = {isa = PBXFileReference; explicitFileType = wrapper.application; includeInIndex = 0; path = UMDemo.app; sourceTree = BUILT_PRODUCTS_DIR; };
		0A395EBA1D1274F900F0A18A /* main.m */ = {isa = PBXFileReference; lastKnownFileType = sourcecode.c.objc; path = main.m; sourceTree = "<group>"; };
		0A395EBC1D1274F900F0A18A /* AppDelegate.h */ = {isa = PBXFileReference; lastKnownFileType = sourcecode.c.h; path = AppDelegate.h; sourceTree = "<group>"; };
		0A395EBD1D1274F900F0A18A /* AppDelegate.m */ = {isa = PBXFileReference; lastKnownFileType = sourcecode.c.objc; path = AppDelegate.m; sourceTree = "<group>"; };
		0A395EBF1D1274F900F0A18A /* ViewController.h */ = {isa = PBXFileReference; lastKnownFileType = sourcecode.c.h; path = ViewController.h; sourceTree = "<group>"; };
		0A395EC01D1274F900F0A18A /* ViewController.m */ = {isa = PBXFileReference; lastKnownFileType = sourcecode.c.objc; path = ViewController.m; sourceTree = "<group>"; };
		0A395EC31D1274F900F0A18A /* Base */ = {isa = PBXFileReference; lastKnownFileType = file.storyboard; name = Base; path = Base.lproj/Main.storyboard; sourceTree = "<group>"; };
		0A395EC51D1274F900F0A18A /* Assets.xcassets */ = {isa = PBXFileReference; lastKnownFileType = folder.assetcatalog; path = Assets.xcassets; sourceTree = "<group>"; };
		0A395EC81D1274F900F0A18A /* Base */ = {isa = PBXFileReference; lastKnownFileType = file.storyboard; name = Base; path = Base.lproj/LaunchScreen.storyboard; sourceTree = "<group>"; };
		0A395ECA1D1274F900F0A18A /* Info.plist */ = {isa = PBXFileReference; lastKnownFileType = text.plist.xml; path = Info.plist; sourceTree = "<group>"; };
		0A395F051D12762200F0A18A /* Security.framework */ = {isa = PBXFileReference; lastKnownFileType = wrapper.framework; name = Security.framework; path = System/Library/Frameworks/Security.framework; sourceTree = SDKROOT; };
		0A395F071D12762F00F0A18A /* libiconv.tbd */ = {isa = PBXFileReference; lastKnownFileType = "sourcecode.text-based-dylib-definition"; name = libiconv.tbd; path = usr/lib/libiconv.tbd; sourceTree = SDKROOT; };
		0A395F091D12763900F0A18A /* SystemConfiguration.framework */ = {isa = PBXFileReference; lastKnownFileType = wrapper.framework; name = SystemConfiguration.framework; path = System/Library/Frameworks/SystemConfiguration.framework; sourceTree = SDKROOT; };
		0A395F0B1D12764100F0A18A /* CoreGraphics.framework */ = {isa = PBXFileReference; lastKnownFileType = wrapper.framework; name = CoreGraphics.framework; path = System/Library/Frameworks/CoreGraphics.framework; sourceTree = SDKROOT; };
		0A395F0D1D12764A00F0A18A /* libsqlite3.tbd */ = {isa = PBXFileReference; lastKnownFileType = "sourcecode.text-based-dylib-definition"; name = libsqlite3.tbd; path = usr/lib/libsqlite3.tbd; sourceTree = SDKROOT; };
		0A395F0F1D12765200F0A18A /* CoreTelephony.framework */ = {isa = PBXFileReference; lastKnownFileType = wrapper.framework; name = CoreTelephony.framework; path = System/Library/Frameworks/CoreTelephony.framework; sourceTree = SDKROOT; };
		0A395F111D12766000F0A18A /* libstdc++.tbd */ = {isa = PBXFileReference; lastKnownFileType = "sourcecode.text-based-dylib-definition"; name = "libstdc++.tbd"; path = "usr/lib/libstdc++.tbd"; sourceTree = SDKROOT; };
		0A395F131D12766900F0A18A /* libz.tbd */ = {isa = PBXFileReference; lastKnownFileType = "sourcecode.text-based-dylib-definition"; name = libz.tbd; path = usr/lib/libz.tbd; sourceTree = SDKROOT; };
		0A395F151D12796100F0A18A /* test.jpg */ = {isa = PBXFileReference; lastKnownFileType = image.jpeg; path = test.jpg; sourceTree = "<group>"; };
		0A395F1A1D127B5400F0A18A /* en */ = {isa = PBXFileReference; lastKnownFileType = text.plist.strings; name = en; path = en.lproj/UMSocialLocalizable.strings; sourceTree = "<group>"; };
		0A395F1C1D127B5400F0A18A /* UMSocial.h */ = {isa = PBXFileReference; fileEncoding = 4; lastKnownFileType = sourcecode.c.h; path = UMSocial.h; sourceTree = "<group>"; };
		0A395F1D1D127B5400F0A18A /* UMSocialAccountManager.h */ = {isa = PBXFileReference; fileEncoding = 4; lastKnownFileType = sourcecode.c.h; path = UMSocialAccountManager.h; sourceTree = "<group>"; };
		0A395F1E1D127B5400F0A18A /* UMSocialBar.h */ = {isa = PBXFileReference; fileEncoding = 4; lastKnownFileType = sourcecode.c.h; path = UMSocialBar.h; sourceTree = "<group>"; };
		0A395F1F1D127B5400F0A18A /* UMSocialConfig.h */ = {isa = PBXFileReference; fileEncoding = 4; lastKnownFileType = sourcecode.c.h; path = UMSocialConfig.h; sourceTree = "<group>"; };
		0A395F201D127B5400F0A18A /* UMSocialControllerService.h */ = {isa = PBXFileReference; fileEncoding = 4; lastKnownFileType = sourcecode.c.h; path = UMSocialControllerService.h; sourceTree = "<group>"; };
		0A395F211D127B5400F0A18A /* UMSocialControllerServiceComment.h */ = {isa = PBXFileReference; fileEncoding = 4; lastKnownFileType = sourcecode.c.h; path = UMSocialControllerServiceComment.h; sourceTree = "<group>"; };
		0A395F221D127B5400F0A18A /* UMSocialData.h */ = {isa = PBXFileReference; fileEncoding = 4; lastKnownFileType = sourcecode.c.h; path = UMSocialData.h; sourceTree = "<group>"; };
		0A395F231D127B5400F0A18A /* UMSocialDataService.h */ = {isa = PBXFileReference; fileEncoding = 4; lastKnownFileType = sourcecode.c.h; path = UMSocialDataService.h; sourceTree = "<group>"; };
		0A395F241D127B5400F0A18A /* UMSocialSnsData.h */ = {isa = PBXFileReference; fileEncoding = 4; lastKnownFileType = sourcecode.c.h; path = UMSocialSnsData.h; sourceTree = "<group>"; };
		0A395F251D127B5400F0A18A /* UMSocialSnsPlatformManager.h */ = {isa = PBXFileReference; fileEncoding = 4; lastKnownFileType = sourcecode.c.h; path = UMSocialSnsPlatformManager.h; sourceTree = "<group>"; };
		0A395F261D127B5400F0A18A /* UMSocialSnsService.h */ = {isa = PBXFileReference; fileEncoding = 4; lastKnownFileType = sourcecode.c.h; path = UMSocialSnsService.h; sourceTree = "<group>"; };
		0A395F271D127B5400F0A18A /* libUMSocial_Sdk_5.1.a */ = {isa = PBXFileReference; lastKnownFileType = archive.ar; path = libUMSocial_Sdk_5.1.a; sourceTree = "<group>"; };
		0A395F291D127B5400F0A18A /* UMSCommentDetailController.xib */ = {isa = PBXFileReference; fileEncoding = 4; lastKnownFileType = file.xib; path = UMSCommentDetailController.xib; sourceTree = "<group>"; };
		0A395F2A1D127B5400F0A18A /* UMSCommentInputController.xib */ = {isa = PBXFileReference; fileEncoding = 4; lastKnownFileType = file.xib; path = UMSCommentInputController.xib; sourceTree = "<group>"; };
		0A395F2B1D127B5400F0A18A /* UMSCommentInputControlleriPad.xib */ = {isa = PBXFileReference; fileEncoding = 4; lastKnownFileType = file.xib; path = UMSCommentInputControlleriPad.xib; sourceTree = "<group>"; };
		0A395F2C1D127B5400F0A18A /* UMShareEditViewController.xib */ = {isa = PBXFileReference; fileEncoding = 4; lastKnownFileType = file.xib; path = UMShareEditViewController.xib; sourceTree = "<group>"; };
		0A395F2D1D127B5400F0A18A /* UMShareEditViewControlleriPad.xib */ = {isa = PBXFileReference; fileEncoding = 4; lastKnownFileType = file.xib; path = UMShareEditViewControlleriPad.xib; sourceTree = "<group>"; };
		0A395F2E1D127B5400F0A18A /* UMSLoginViewController.xib */ = {isa = PBXFileReference; fileEncoding = 4; lastKnownFileType = file.xib; path = UMSLoginViewController.xib; sourceTree = "<group>"; };
		0A395F2F1D127B5400F0A18A /* UMSnsAccountViewController.xib */ = {isa = PBXFileReference; fileEncoding = 4; lastKnownFileType = file.xib; path = UMSnsAccountViewController.xib; sourceTree = "<group>"; };
		0A395F301D127B5400F0A18A /* UMSShareListController.xib */ = {isa = PBXFileReference; fileEncoding = 4; lastKnownFileType = file.xib; path = UMSShareListController.xib; sourceTree = "<group>"; };
		0A395F311D127B5400F0A18A /* UMSocialSDKResourcesNew.bundle */ = {isa = PBXFileReference; lastKnownFileType = "wrapper.plug-in"; path = UMSocialSDKResourcesNew.bundle; sourceTree = "<group>"; };
		0A395F321D127B5400F0A18A /* zh-Hans */ = {isa = PBXFileReference; lastKnownFileType = text.plist.strings; name = "zh-Hans"; path = "zh-Hans.lproj/UMSocialLocalizable.strings"; sourceTree = "<group>"; };
		0A395F351D127B5400F0A18A /* libSocialSinaSSO.a */ = {isa = PBXFileReference; lastKnownFileType = archive.ar; path = libSocialSinaSSO.a; sourceTree = "<group>"; };
		0A395F361D127B5400F0A18A /* libWeiboSDK.a */ = {isa = PBXFileReference; lastKnownFileType = archive.ar; path = libWeiboSDK.a; sourceTree = "<group>"; };
		0A395F371D127B5400F0A18A /* UMSocialSinaSSOHandler.h */ = {isa = PBXFileReference; fileEncoding = 4; lastKnownFileType = sourcecode.c.h; path = UMSocialSinaSSOHandler.h; sourceTree = "<group>"; };
		0A395F381D127B5400F0A18A /* WBHttpRequest+WeiboGame.h */ = {isa = PBXFileReference; fileEncoding = 4; lastKnownFileType = sourcecode.c.h; path = "WBHttpRequest+WeiboGame.h"; sourceTree = "<group>"; };
		0A395F391D127B5400F0A18A /* WBHttpRequest+WeiboShare.h */ = {isa = PBXFileReference; fileEncoding = 4; lastKnownFileType = sourcecode.c.h; path = "WBHttpRequest+WeiboShare.h"; sourceTree = "<group>"; };
		0A395F3A1D127B5400F0A18A /* WBHttpRequest+WeiboToken.h */ = {isa = PBXFileReference; fileEncoding = 4; lastKnownFileType = sourcecode.c.h; path = "WBHttpRequest+WeiboToken.h"; sourceTree = "<group>"; };
		0A395F3B1D127B5400F0A18A /* WBHttpRequest+WeiboUser.h */ = {isa = PBXFileReference; fileEncoding = 4; lastKnownFileType = sourcecode.c.h; path = "WBHttpRequest+WeiboUser.h"; sourceTree = "<group>"; };
		0A395F3C1D127B5400F0A18A /* WBHttpRequest.h */ = {isa = PBXFileReference; fileEncoding = 4; lastKnownFileType = sourcecode.c.h; path = WBHttpRequest.h; sourceTree = "<group>"; };
		0A395F3D1D127B5400F0A18A /* WBSDKBasicButton.h */ = {isa = PBXFileReference; fileEncoding = 4; lastKnownFileType = sourcecode.c.h; path = WBSDKBasicButton.h; sourceTree = "<group>"; };
		0A395F3E1D127B5400F0A18A /* WBSDKCommentButton.h */ = {isa = PBXFileReference; fileEncoding = 4; lastKnownFileType = sourcecode.c.h; path = WBSDKCommentButton.h; sourceTree = "<group>"; };
		0A395F3F1D127B5400F0A18A /* WBSDKRelationshipButton.h */ = {isa = PBXFileReference; fileEncoding = 4; lastKnownFileType = sourcecode.c.h; path = WBSDKRelationshipButton.h; sourceTree = "<group>"; };
		0A395F401D127B5400F0A18A /* WeiboSDK.bundle */ = {isa = PBXFileReference; lastKnownFileType = "wrapper.plug-in"; path = WeiboSDK.bundle; sourceTree = "<group>"; };
		0A395F411D127B5400F0A18A /* WeiboSDK.h */ = {isa = PBXFileReference; fileEncoding = 4; lastKnownFileType = sourcecode.c.h; path = WeiboSDK.h; sourceTree = "<group>"; };
		0A395F421D127B5400F0A18A /* WeiboUser.h */ = {isa = PBXFileReference; fileEncoding = 4; lastKnownFileType = sourcecode.c.h; path = WeiboUser.h; sourceTree = "<group>"; };
		0A395F441D127B5400F0A18A /* libSocialQQ.a */ = {isa = PBXFileReference; lastKnownFileType = archive.ar; path = libSocialQQ.a; sourceTree = "<group>"; };
		0A395F451D127B5400F0A18A /* TencentOpenAPI.framework */ = {isa = PBXFileReference; lastKnownFileType = wrapper.framework; path = TencentOpenAPI.framework; sourceTree = "<group>"; };
		0A395F461D127B5400F0A18A /* TencentOpenApi_IOS_Bundle.bundle */ = {isa = PBXFileReference; lastKnownFileType = "wrapper.plug-in"; path = TencentOpenApi_IOS_Bundle.bundle; sourceTree = "<group>"; };
		0A395F471D127B5400F0A18A /* UMSocialQQHandler.h */ = {isa = PBXFileReference; fileEncoding = 4; lastKnownFileType = sourcecode.c.h; path = UMSocialQQHandler.h; sourceTree = "<group>"; };
		0A395F491D127B5400F0A18A /* libSocialWechat.a */ = {isa = PBXFileReference; lastKnownFileType = archive.ar; path = libSocialWechat.a; sourceTree = "<group>"; };
		0A395F4A1D127B5400F0A18A /* libWeChatSDK.a */ = {isa = PBXFileReference; lastKnownFileType = archive.ar; path = libWeChatSDK.a; sourceTree = "<group>"; };
		0A395F4B1D127B5400F0A18A /* UMSocialWechatHandler.h */ = {isa = PBXFileReference; fileEncoding = 4; lastKnownFileType = sourcecode.c.h; path = UMSocialWechatHandler.h; sourceTree = "<group>"; };
		0A395F4C1D127B5400F0A18A /* WechatAuthSDK.h */ = {isa = PBXFileReference; fileEncoding = 4; lastKnownFileType = sourcecode.c.h; path = WechatAuthSDK.h; sourceTree = "<group>"; };
		0A395F4D1D127B5400F0A18A /* WXApi.h */ = {isa = PBXFileReference; fileEncoding = 4; lastKnownFileType = sourcecode.c.h; path = WXApi.h; sourceTree = "<group>"; };
		0A395F4E1D127B5400F0A18A /* WXApiObject.h */ = {isa = PBXFileReference; fileEncoding = 4; lastKnownFileType = sourcecode.c.h; path = WXApiObject.h; sourceTree = "<group>"; };
		0A395F621D12802400F0A18A /* Snip20160616_1.png */ = {isa = PBXFileReference; lastKnownFileType = image.png; path = Snip20160616_1.png; sourceTree = "<group>"; };
/* End PBXFileReference section */

/* Begin PBXFrameworksBuildPhase section */
		0A395EB31D1274F900F0A18A /* Frameworks */ = {
			isa = PBXFrameworksBuildPhase;
			buildActionMask = 2147483647;
			files = (
				0A395F5D1D127B5400F0A18A /* libSocialQQ.a in Frameworks */,
				0A395F501D127B5400F0A18A /* libUMSocial_Sdk_5.1.a in Frameworks */,
				0A395F5B1D127B5400F0A18A /* libWeiboSDK.a in Frameworks */,
				0A395F141D12766900F0A18A /* libz.tbd in Frameworks */,
				0A395F5E1D127B5400F0A18A /* TencentOpenAPI.framework in Frameworks */,
				0A395F121D12766000F0A18A /* libstdc++.tbd in Frameworks */,
				0A395F601D127B5400F0A18A /* libSocialWechat.a in Frameworks */,
				0A395F101D12765200F0A18A /* CoreTelephony.framework in Frameworks */,
				0A395F0E1D12764B00F0A18A /* libsqlite3.tbd in Frameworks */,
				0A395F0C1D12764100F0A18A /* CoreGraphics.framework in Frameworks */,
				0A395F0A1D12763900F0A18A /* SystemConfiguration.framework in Frameworks */,
				0A395F5A1D127B5400F0A18A /* libSocialSinaSSO.a in Frameworks */,
				0A395F081D12762F00F0A18A /* libiconv.tbd in Frameworks */,
				0A395F061D12762200F0A18A /* Security.framework in Frameworks */,
				0A395F611D127B5400F0A18A /* libWeChatSDK.a in Frameworks */,
			);
			runOnlyForDeploymentPostprocessing = 0;
		};
/* End PBXFrameworksBuildPhase section */

/* Begin PBXGroup section */
		0A395EAD1D1274F900F0A18A = {
			isa = PBXGroup;
			children = (
				0A395F131D12766900F0A18A /* libz.tbd */,
				0A395F111D12766000F0A18A /* libstdc++.tbd */,
				0A395F0F1D12765200F0A18A /* CoreTelephony.framework */,
				0A395F0D1D12764A00F0A18A /* libsqlite3.tbd */,
				0A395F0B1D12764100F0A18A /* CoreGraphics.framework */,
				0A395F091D12763900F0A18A /* SystemConfiguration.framework */,
				0A395F071D12762F00F0A18A /* libiconv.tbd */,
				0A395F051D12762200F0A18A /* Security.framework */,
				0A395EB81D1274F900F0A18A /* UMDemo */,
				0A395EB71D1274F900F0A18A /* Products */,
			);
			sourceTree = "<group>";
		};
		0A395EB71D1274F900F0A18A /* Products */ = {
			isa = PBXGroup;
			children = (
				0A395EB61D1274F900F0A18A /* UMDemo.app */,
			);
			name = Products;
			sourceTree = "<group>";
		};
		0A395EB81D1274F900F0A18A /* UMDemo */ = {
			isa = PBXGroup;
			children = (
				0A395F171D127B5400F0A18A /* umeng_ios_social_sdk_5.1_arm64_custom */,
				0A395F151D12796100F0A18A /* test.jpg */,
				0A395F621D12802400F0A18A /* Snip20160616_1.png */,
				0A395EBC1D1274F900F0A18A /* AppDelegate.h */,
				0A395EBD1D1274F900F0A18A /* AppDelegate.m */,
				0A395EBF1D1274F900F0A18A /* ViewController.h */,
				0A395EC01D1274F900F0A18A /* ViewController.m */,
				0A395EC21D1274F900F0A18A /* Main.storyboard */,
				0A395EC51D1274F900F0A18A /* Assets.xcassets */,
				0A395EC71D1274F900F0A18A /* LaunchScreen.storyboard */,
				0A395ECA1D1274F900F0A18A /* Info.plist */,
				0A395EB91D1274F900F0A18A /* Supporting Files */,
			);
			path = UMDemo;
			sourceTree = "<group>";
		};
		0A395EB91D1274F900F0A18A /* Supporting Files */ = {
			isa = PBXGroup;
			children = (
				0A395EBA1D1274F900F0A18A /* main.m */,
			);
			name = "Supporting Files";
			sourceTree = "<group>";
		};
		0A395F171D127B5400F0A18A /* umeng_ios_social_sdk_5.1_arm64_custom */ = {
			isa = PBXGroup;
			children = (
				0A395F181D127B5400F0A18A /* UMSocial_Sdk_5.1 */,
				0A395F331D127B5400F0A18A /* UMSocial_Sdk_Extra_Frameworks */,
			);
			path = umeng_ios_social_sdk_5.1_arm64_custom;
			sourceTree = "<group>";
		};
		0A395F181D127B5400F0A18A /* UMSocial_Sdk_5.1 */ = {
			isa = PBXGroup;
			children = (
				0A395F191D127B5400F0A18A /* UMSocialLocalizable.strings */,
				0A395F1B1D127B5400F0A18A /* Header */,
				0A395F271D127B5400F0A18A /* libUMSocial_Sdk_5.1.a */,
				0A395F281D127B5400F0A18A /* SocialSDKXib */,
				0A395F311D127B5400F0A18A /* UMSocialSDKResourcesNew.bundle */,
			);
			path = UMSocial_Sdk_5.1;
			sourceTree = "<group>";
		};
		0A395F1B1D127B5400F0A18A /* Header */ = {
			isa = PBXGroup;
			children = (
				0A395F1C1D127B5400F0A18A /* UMSocial.h */,
				0A395F1D1D127B5400F0A18A /* UMSocialAccountManager.h */,
				0A395F1E1D127B5400F0A18A /* UMSocialBar.h */,
				0A395F1F1D127B5400F0A18A /* UMSocialConfig.h */,
				0A395F201D127B5400F0A18A /* UMSocialControllerService.h */,
				0A395F211D127B5400F0A18A /* UMSocialControllerServiceComment.h */,
				0A395F221D127B5400F0A18A /* UMSocialData.h */,
				0A395F231D127B5400F0A18A /* UMSocialDataService.h */,
				0A395F241D127B5400F0A18A /* UMSocialSnsData.h */,
				0A395F251D127B5400F0A18A /* UMSocialSnsPlatformManager.h */,
				0A395F261D127B5400F0A18A /* UMSocialSnsService.h */,
			);
			path = Header;
			sourceTree = "<group>";
		};
		0A395F281D127B5400F0A18A /* SocialSDKXib */ = {
			isa = PBXGroup;
			children = (
				0A395F291D127B5400F0A18A /* UMSCommentDetailController.xib */,
				0A395F2A1D127B5400F0A18A /* UMSCommentInputController.xib */,
				0A395F2B1D127B5400F0A18A /* UMSCommentInputControlleriPad.xib */,
				0A395F2C1D127B5400F0A18A /* UMShareEditViewController.xib */,
				0A395F2D1D127B5400F0A18A /* UMShareEditViewControlleriPad.xib */,
				0A395F2E1D127B5400F0A18A /* UMSLoginViewController.xib */,
				0A395F2F1D127B5400F0A18A /* UMSnsAccountViewController.xib */,
				0A395F301D127B5400F0A18A /* UMSShareListController.xib */,
			);
			path = SocialSDKXib;
			sourceTree = "<group>";
		};
		0A395F331D127B5400F0A18A /* UMSocial_Sdk_Extra_Frameworks */ = {
			isa = PBXGroup;
			children = (
				0A395F341D127B5400F0A18A /* SinaSSO */,
				0A395F431D127B5400F0A18A /* TencentOpenAPI */,
				0A395F481D127B5400F0A18A /* Wechat */,
			);
			path = UMSocial_Sdk_Extra_Frameworks;
			sourceTree = "<group>";
		};
		0A395F341D127B5400F0A18A /* SinaSSO */ = {
			isa = PBXGroup;
			children = (
				0A395F351D127B5400F0A18A /* libSocialSinaSSO.a */,
				0A395F361D127B5400F0A18A /* libWeiboSDK.a */,
				0A395F371D127B5400F0A18A /* UMSocialSinaSSOHandler.h */,
				0A395F381D127B5400F0A18A /* WBHttpRequest+WeiboGame.h */,
				0A395F391D127B5400F0A18A /* WBHttpRequest+WeiboShare.h */,
				0A395F3A1D127B5400F0A18A /* WBHttpRequest+WeiboToken.h */,
				0A395F3B1D127B5400F0A18A /* WBHttpRequest+WeiboUser.h */,
				0A395F3C1D127B5400F0A18A /* WBHttpRequest.h */,
				0A395F3D1D127B5400F0A18A /* WBSDKBasicButton.h */,
				0A395F3E1D127B5400F0A18A /* WBSDKCommentButton.h */,
				0A395F3F1D127B5400F0A18A /* WBSDKRelationshipButton.h */,
				0A395F401D127B5400F0A18A /* WeiboSDK.bundle */,
				0A395F411D127B5400F0A18A /* WeiboSDK.h */,
				0A395F421D127B5400F0A18A /* WeiboUser.h */,
			);
			path = SinaSSO;
			sourceTree = "<group>";
		};
		0A395F431D127B5400F0A18A /* TencentOpenAPI */ = {
			isa = PBXGroup;
			children = (
				0A395F441D127B5400F0A18A /* libSocialQQ.a */,
				0A395F451D127B5400F0A18A /* TencentOpenAPI.framework */,
				0A395F461D127B5400F0A18A /* TencentOpenApi_IOS_Bundle.bundle */,
				0A395F471D127B5400F0A18A /* UMSocialQQHandler.h */,
			);
			path = TencentOpenAPI;
			sourceTree = "<group>";
		};
		0A395F481D127B5400F0A18A /* Wechat */ = {
			isa = PBXGroup;
			children = (
				0A395F491D127B5400F0A18A /* libSocialWechat.a */,
				0A395F4A1D127B5400F0A18A /* libWeChatSDK.a */,
				0A395F4B1D127B5400F0A18A /* UMSocialWechatHandler.h */,
				0A395F4C1D127B5400F0A18A /* WechatAuthSDK.h */,
				0A395F4D1D127B5400F0A18A /* WXApi.h */,
				0A395F4E1D127B5400F0A18A /* WXApiObject.h */,
			);
			path = Wechat;
			sourceTree = "<group>";
		};
/* End PBXGroup section */

/* Begin PBXNativeTarget section */
		0A395EB51D1274F900F0A18A /* UMDemo */ = {
			isa = PBXNativeTarget;
			buildConfigurationList = 0A395ECD1D1274F900F0A18A /* Build configuration list for PBXNativeTarget "UMDemo" */;
			buildPhases = (
				0A395EB21D1274F900F0A18A /* Sources */,
				0A395EB31D1274F900F0A18A /* Frameworks */,
				0A395EB41D1274F900F0A18A /* Resources */,
			);
			buildRules = (
			);
			dependencies = (
			);
			name = UMDemo;
			productName = UMDemo;
			productReference = 0A395EB61D1274F900F0A18A /* UMDemo.app */;
			productType = "com.apple.product-type.application";
		};
/* End PBXNativeTarget section */

/* Begin PBXProject section */
		0A395EAE1D1274F900F0A18A /* Project object */ = {
			isa = PBXProject;
			attributes = {
				LastUpgradeCheck = 0730;
				ORGANIZATIONNAME = Kevin;
				TargetAttributes = {
					0A395EB51D1274F900F0A18A = {
						CreatedOnToolsVersion = 7.3.1;
						DevelopmentTeam = MYDGCBU4R5;
					};
				};
			};
			buildConfigurationList = 0A395EB11D1274F900F0A18A /* Build configuration list for PBXProject "UMDemo" */;
			compatibilityVersion = "Xcode 3.2";
			developmentRegion = English;
			hasScannedForEncodings = 0;
			knownRegions = (
				en,
				Base,
				"zh-Hans",
			);
			mainGroup = 0A395EAD1D1274F900F0A18A;
			productRefGroup = 0A395EB71D1274F900F0A18A /* Products */;
			projectDirPath = "";
			projectRoot = "";
			targets = (
				0A395EB51D1274F900F0A18A /* UMDemo */,
			);
		};
/* End PBXProject section */

/* Begin PBXResourcesBuildPhase section */
		0A395EB41D1274F900F0A18A /* Resources */ = {
			isa = PBXResourcesBuildPhase;
			buildActionMask = 2147483647;
			files = (
				0A395F5F1D127B5400F0A18A /* TencentOpenApi_IOS_Bundle.bundle in Resources */,
				0A395F551D127B5400F0A18A /* UMShareEditViewControlleriPad.xib in Resources */,
				0A395F631D12802400F0A18A /* Snip20160616_1.png in Resources */,
				0A395F571D127B5400F0A18A /* UMSnsAccountViewController.xib in Resources */,
				0A395F5C1D127B5400F0A18A /* WeiboSDK.bundle in Resources */,
				0A395F521D127B5400F0A18A /* UMSCommentInputController.xib in Resources */,
				0A395F511D127B5400F0A18A /* UMSCommentDetailController.xib in Resources */,
				0A395F161D12796100F0A18A /* test.jpg in Resources */,
				0A395EC91D1274F900F0A18A /* LaunchScreen.storyboard in Resources */,
				0A395F591D127B5400F0A18A /* UMSocialSDKResourcesNew.bundle in Resources */,
				0A395F531D127B5400F0A18A /* UMSCommentInputControlleriPad.xib in Resources */,
				0A395F541D127B5400F0A18A /* UMShareEditViewController.xib in Resources */,
				0A395F581D127B5400F0A18A /* UMSShareListController.xib in Resources */,
				0A395F4F1D127B5400F0A18A /* UMSocialLocalizable.strings in Resources */,
				0A395EC61D1274F900F0A18A /* Assets.xcassets in Resources */,
				0A395EC41D1274F900F0A18A /* Main.storyboard in Resources */,
				0A395F561D127B5400F0A18A /* UMSLoginViewController.xib in Resources */,
			);
			runOnlyForDeploymentPostprocessing = 0;
		};
/* End PBXResourcesBuildPhase section */

/* Begin PBXSourcesBuildPhase section */
		0A395EB21D1274F900F0A18A /* Sources */ = {
			isa = PBXSourcesBuildPhase;
			buildActionMask = 2147483647;
			files = (
				0A395EC11D1274F900F0A18A /* ViewController.m in Sources */,
				0A395EBE1D1274F900F0A18A /* AppDelegate.m in Sources */,
				0A395EBB1D1274F900F0A18A /* main.m in Sources */,
			);
			runOnlyForDeploymentPostprocessing = 0;
		};
/* End PBXSourcesBuildPhase section */

/* Begin PBXVariantGroup section */
		0A395EC21D1274F900F0A18A /* Main.storyboard */ = {
			isa = PBXVariantGroup;
			children = (
				0A395EC31D1274F900F0A18A /* Base */,
			);
			name = Main.storyboard;
			sourceTree = "<group>";
		};
		0A395EC71D1274F900F0A18A /* LaunchScreen.storyboard */ = {
			isa = PBXVariantGroup;
			children = (
				0A395EC81D1274F900F0A18A /* Base */,
			);
			name = LaunchScreen.storyboard;
			sourceTree = "<group>";
		};
		0A395F191D127B5400F0A18A /* UMSocialLocalizable.strings */ = {
			isa = PBXVariantGroup;
			children = (
				0A395F1A1D127B5400F0A18A /* en */,
				0A395F321D127B5400F0A18A /* zh-Hans */,
			);
			name = UMSocialLocalizable.strings;
			sourceTree = "<group>";
		};
/* End PBXVariantGroup section */

/* Begin XCBuildConfiguration section */
		0A395ECB1D1274F900F0A18A /* Debug */ = {
			isa = XCBuildConfiguration;
			buildSettings = {
				ALWAYS_SEARCH_USER_PATHS = NO;
				CLANG_ANALYZER_NONNULL = YES;
				CLANG_CXX_LANGUAGE_STANDARD = "gnu++0x";
				CLANG_CXX_LIBRARY = "libc++";
				CLANG_ENABLE_MODULES = YES;
				CLANG_ENABLE_OBJC_ARC = YES;
				CLANG_WARN_BOOL_CONVERSION = YES;
				CLANG_WARN_CONSTANT_CONVERSION = YES;
				CLANG_WARN_DIRECT_OBJC_ISA_USAGE = YES_ERROR;
				CLANG_WARN_EMPTY_BODY = YES;
				CLANG_WARN_ENUM_CONVERSION = YES;
				CLANG_WARN_INT_CONVERSION = YES;
				CLANG_WARN_OBJC_ROOT_CLASS = YES_ERROR;
				CLANG_WARN_UNREACHABLE_CODE = YES;
				CLANG_WARN__DUPLICATE_METHOD_MATCH = YES;
				"CODE_SIGN_IDENTITY[sdk=iphoneos*]" = "iPhone Developer";
				COPY_PHASE_STRIP = NO;
				DEBUG_INFORMATION_FORMAT = dwarf;
				ENABLE_STRICT_OBJC_MSGSEND = YES;
				ENABLE_TESTABILITY = YES;
				GCC_C_LANGUAGE_STANDARD = gnu99;
				GCC_DYNAMIC_NO_PIC = NO;
				GCC_NO_COMMON_BLOCKS = YES;
				GCC_OPTIMIZATION_LEVEL = 0;
				GCC_PREPROCESSOR_DEFINITIONS = (
					"DEBUG=1",
					"$(inherited)",
				);
				GCC_WARN_64_TO_32_BIT_CONVERSION = YES;
				GCC_WARN_ABOUT_RETURN_TYPE = YES_ERROR;
				GCC_WARN_UNDECLARED_SELECTOR = YES;
				GCC_WARN_UNINITIALIZED_AUTOS = YES_AGGRESSIVE;
				GCC_WARN_UNUSED_FUNCTION = YES;
				GCC_WARN_UNUSED_VARIABLE = YES;
				IPHONEOS_DEPLOYMENT_TARGET = 9.3;
				MTL_ENABLE_DEBUG_INFO = YES;
				ONLY_ACTIVE_ARCH = YES;
				SDKROOT = iphoneos;
				TARGETED_DEVICE_FAMILY = "1,2";
			};
			name = Debug;
		};
		0A395ECC1D1274F900F0A18A /* Release */ = {
			isa = XCBuildConfiguration;
			buildSettings = {
				ALWAYS_SEARCH_USER_PATHS = NO;
				CLANG_ANALYZER_NONNULL = YES;
				CLANG_CXX_LANGUAGE_STANDARD = "gnu++0x";
				CLANG_CXX_LIBRARY = "libc++";
				CLANG_ENABLE_MODULES = YES;
				CLANG_ENABLE_OBJC_ARC = YES;
				CLANG_WARN_BOOL_CONVERSION = YES;
				CLANG_WARN_CONSTANT_CONVERSION = YES;
				CLANG_WARN_DIRECT_OBJC_ISA_USAGE = YES_ERROR;
				CLANG_WARN_EMPTY_BODY = YES;
				CLANG_WARN_ENUM_CONVERSION = YES;
				CLANG_WARN_INT_CONVERSION = YES;
				CLANG_WARN_OBJC_ROOT_CLASS = YES_ERROR;
				CLANG_WARN_UNREACHABLE_CODE = YES;
				CLANG_WARN__DUPLICATE_METHOD_MATCH = YES;
				"CODE_SIGN_IDENTITY[sdk=iphoneos*]" = "iPhone Developer";
				COPY_PHASE_STRIP = NO;
				DEBUG_INFORMATION_FORMAT = "dwarf-with-dsym";
				ENABLE_NS_ASSERTIONS = NO;
				ENABLE_STRICT_OBJC_MSGSEND = YES;
				GCC_C_LANGUAGE_STANDARD = gnu99;
				GCC_NO_COMMON_BLOCKS = YES;
				GCC_WARN_64_TO_32_BIT_CONVERSION = YES;
				GCC_WARN_ABOUT_RETURN_TYPE = YES_ERROR;
				GCC_WARN_UNDECLARED_SELECTOR = YES;
				GCC_WARN_UNINITIALIZED_AUTOS = YES_AGGRESSIVE;
				GCC_WARN_UNUSED_FUNCTION = YES;
				GCC_WARN_UNUSED_VARIABLE = YES;
				IPHONEOS_DEPLOYMENT_TARGET = 9.3;
				MTL_ENABLE_DEBUG_INFO = NO;
				SDKROOT = iphoneos;
				TARGETED_DEVICE_FAMILY = "1,2";
				VALIDATE_PRODUCT = YES;
			};
			name = Release;
		};
		0A395ECE1D1274F900F0A18A /* Debug */ = {
			isa = XCBuildConfiguration;
			buildSettings = {
				ASSETCATALOG_COMPILER_APPICON_NAME = AppIcon;
				CODE_SIGN_IDENTITY = "iPhone Developer";
				"CODE_SIGN_IDENTITY[sdk=iphoneos*]" = "iPhone Developer";
				FRAMEWORK_SEARCH_PATHS = (
					"$(inherited)",
					"$(PROJECT_DIR)/UMSocial_Sdk_4.3/UMSocial_Sdk_Extra_Frameworks/TencentOpenAPI",
					"$(PROJECT_DIR)/UMDemo/umeng_ios_social_sdk_5.1_arm64_custom/UMSocial_Sdk_Extra_Frameworks/TencentOpenAPI",
				);
				INFOPLIST_FILE = UMDemo/Info.plist;
				LD_RUNPATH_SEARCH_PATHS = "$(inherited) @executable_path/Frameworks";
				LIBRARY_SEARCH_PATHS = (
					"$(inherited)",
					"$(PROJECT_DIR)/UMSocial_Sdk_4.3",
					"$(PROJECT_DIR)/UMSocial_Sdk_4.3/UMSocial_Sdk_Extra_Frameworks/TencentOpenAPI",
					"$(PROJECT_DIR)/UMSocial_Sdk_4.3/UMSocial_Sdk_Extra_Frameworks/Wechat",
					"$(PROJECT_DIR)/UMDemo/umeng_ios_social_sdk_5.1_arm64_custom/UMSocial_Sdk_5.1",
					"$(PROJECT_DIR)/UMDemo/umeng_ios_social_sdk_5.1_arm64_custom/UMSocial_Sdk_Extra_Frameworks/SinaSSO",
					"$(PROJECT_DIR)/UMDemo/umeng_ios_social_sdk_5.1_arm64_custom/UMSocial_Sdk_Extra_Frameworks/TencentOpenAPI",
					"$(PROJECT_DIR)/UMDemo/umeng_ios_social_sdk_5.1_arm64_custom/UMSocial_Sdk_Extra_Frameworks/Wechat",
				);
				PRODUCT_BUNDLE_IDENTIFIER = com..UMDemo;
				PRODUCT_NAME = "$(TARGET_NAME)";
				PROVISIONING_PROFILE = "";
			};
			name = Debug;
		};
		0A395ECF1D1274F900F0A18A /* Release */ = {
			isa = XCBuildConfiguration;
			buildSettings = {
				ASSETCATALOG_COMPILER_APPICON_NAME = AppIcon;
				CODE_SIGN_IDENTITY = "iPhone Developer";
				"CODE_SIGN_IDENTITY[sdk=iphoneos*]" = "iPhone Developer";
				FRAMEWORK_SEARCH_PATHS = (
					"$(inherited)",
					"$(PROJECT_DIR)/UMSocial_Sdk_4.3/UMSocial_Sdk_Extra_Frameworks/TencentOpenAPI",
					"$(PROJECT_DIR)/UMDemo/umeng_ios_social_sdk_5.1_arm64_custom/UMSocial_Sdk_Extra_Frameworks/TencentOpenAPI",
				);
				INFOPLIST_FILE = UMDemo/Info.plist;
				LD_RUNPATH_SEARCH_PATHS = "$(inherited) @executable_path/Frameworks";
				LIBRARY_SEARCH_PATHS = (
					"$(inherited)",
					"$(PROJECT_DIR)/UMSocial_Sdk_4.3",
					"$(PROJECT_DIR)/UMSocial_Sdk_4.3/UMSocial_Sdk_Extra_Frameworks/TencentOpenAPI",
					"$(PROJECT_DIR)/UMSocial_Sdk_4.3/UMSocial_Sdk_Extra_Frameworks/Wechat",
					"$(PROJECT_DIR)/UMDemo/umeng_ios_social_sdk_5.1_arm64_custom/UMSocial_Sdk_5.1",
					"$(PROJECT_DIR)/UMDemo/umeng_ios_social_sdk_5.1_arm64_custom/UMSocial_Sdk_Extra_Frameworks/SinaSSO",
					"$(PROJECT_DIR)/UMDemo/umeng_ios_social_sdk_5.1_arm64_custom/UMSocial_Sdk_Extra_Frameworks/TencentOpenAPI",
					"$(PROJECT_DIR)/UMDemo/umeng_ios_social_sdk_5.1_arm64_custom/UMSocial_Sdk_Extra_Frameworks/Wechat",
				);
				PRODUCT_BUNDLE_IDENTIFIER = com..UMDemo;
				PRODUCT_NAME = "$(TARGET_NAME)";
				PROVISIONING_PROFILE = "";
			};
			name = Release;
		};
/* End XCBuildConfiguration section */

/* Begin XCConfigurationList section */
		0A395EB11D1274F900F0A18A /* Build configuration list for PBXProject "UMDemo" */ = {
			isa = XCConfigurationList;
			buildConfigurations = (
				0A395ECB1D1274F900F0A18A /* Debug */,
				0A395ECC1D1274F900F0A18A /* Release */,
			);
			defaultConfigurationIsVisible = 0;
			defaultConfigurationName = Release;
		};
		0A395ECD1D1274F900F0A18A /* Build configuration list for PBXNativeTarget "UMDemo" */ = {
			isa = XCConfigurationList;
			buildConfigurations = (
				0A395ECE1D1274F900F0A18A /* Debug */,
				0A395ECF1D1274F900F0A18A /* Release */,
			);
			defaultConfigurationIsVisible = 0;
			defaultConfigurationName = Release;
		};
/* End XCConfigurationList section */
	};
	rootObject = 0A395EAE1D1274F900F0A18A /* Project object */;
}
